schema: '2.0'
stages:
  debit:
    cmd: python cron/scripts/maj-data.py
    deps:
    - path: centrales/REFERENCE/config-general.json
      hash: md5
      md5: cd097d2171f338118b4c8f52b7abed9f
      size: 3014
    - path: src/previ_r2d2/preprocessing/debit/
      hash: md5
      md5: 099e310a52a285dd957012a070a5b1fa.dir
      size: 49517
      nfiles: 14
    outs:
    - path: logs/dvc_markers/debit.json
      hash: md5
      md5: 25eefc1d0c0a10301ffd8dcbe11b8d45
      size: 42
  onboarding_check:
    cmd: python cron/scripts/onboarding-check.py
    deps:
    - path: centrales/REFERENCE/config-general.json
      hash: md5
      md5: cd097d2171f338118b4c8f52b7abed9f
      size: 3014
    - path: logs/dvc_markers/debit.json
      hash: md5
      md5: 25eefc1d0c0a10301ffd8dcbe11b8d45
      size: 42
    - path: src/previ_r2d2/preprocessing/onboarding/validation.py
      hash: md5
      md5: 516e71d77003d8ff1c02129368bc2724
      size: 2417
    outs:
    - path: logs/dvc_markers/onboarding.json
      hash: md5
      md5: 23a63c44bbcf23f8f27f29ca30638f8c
      size: 42
  data_preparation:
    cmd: python cron/scripts/build-data-preparation.py
    deps:
    - path: centrales/REFERENCE/config-general.json
      hash: md5
      md5: cd097d2171f338118b4c8f52b7abed9f
      size: 3014
    - path: logs/dvc_markers/debit.json
      hash: md5
      md5: 25eefc1d0c0a10301ffd8dcbe11b8d45
      size: 42
    - path: logs/dvc_markers/onboarding.json
      hash: md5
      md5: 23a63c44bbcf23f8f27f29ca30638f8c
      size: 42
    - path: src/previ_r2d2/preprocessing/data_preparation/
      hash: md5
      md5: a3cbc54dd0ff3a533dfbc852c6fb2883.dir
      size: 15578
      nfiles: 10
    - path: src/previ_r2d2/preprocessing/meteo/open_meteo.py
      hash: md5
      md5: e2c6825db5e4f2b7a3265d45057a3038
      size: 8085
    outs:
    - path: logs/dvc_markers/data_preparation.json
      hash: md5
      md5: 2e127cd82fa69ebbf93bbb978fa679fa
      size: 42
