schema: '2.0'
stages:
  memorandum:
    cmd: python cron/scripts/majdata-memo.py
    deps:
    - path: src/previ_r2d2/common/onegate.py
      hash: md5
      md5: 7a5adbe5263dd45eff1a24aad735f563
      size: 4793
    - path: src/previ_r2d2/preprocessing/onegate/memorandum.py
      hash: md5
      md5: f7329f64c706c3df42b28518d43643f2
      size: 9820
    outs:
    - path: centrales/REFERENCE/config-general.json
      hash: md5
      md5: a40f69b0db658b1ff4ceb05a0f2b8b52
      size: 18951
  debit:
    cmd: python cron/scripts/maj-data.py
    deps:
    - path: centrales/REFERENCE/config-general.json
      hash: md5
      md5: a40f69b0db658b1ff4ceb05a0f2b8b52
      size: 18951
    - path: src/previ_r2d2/preprocessing/debit/
      hash: md5
      md5: 211c7ca81b44b4472bf35abe6f17929a.dir
      size: 63599
      nfiles: 16
  puissance:
    cmd: python cron/scripts/maj-puissance.py
    deps:
    - path: centrales/REFERENCE/config-general.json
      hash: md5
      md5: a40f69b0db658b1ff4ceb05a0f2b8b52
      size: 18951
    - path: src/previ_r2d2/preprocessing/puissance/
      hash: md5
      md5: 3656cc4cedfabe8d973ddb57144254f1.dir
      size: 62225
      nfiles: 12
  bv:
    cmd: python cron/scripts/onboarding-bv.py batch
    deps:
    - path: centrales/REFERENCE/bv_rules.json
      hash: md5
      md5: f0c40c2f34d7100a02bfb9b8f169766b
      size: 508
    - path: centrales/REFERENCE/centrales_calibration.json
      hash: md5
      md5: 3d2f0115b91c81d38055256acd85fd4d
      size: 909
    - path: centrales/REFERENCE/config-general.json
      hash: md5
      md5: a40f69b0db658b1ff4ceb05a0f2b8b52
      size: 18951
    - path: centrales/REFERENCE/shapefiles/
      hash: md5
      md5: f323bfb60284f2dc136d3f52dee5372b.dir
      size: 723408
      nfiles: 100
    - path: config/bv_mapping.yaml
      hash: md5
      md5: 92c70a93e3430e68830b82858489e560
      size: 691
    - path: src/previ_r2d2/preprocessing/bv/
      hash: md5
      md5: d4364f27d0f13a0530c2702f5f197847.dir
      size: 168854
      nfiles: 16
    outs:
    - path: logs/dvc_markers/bv.json
      hash: md5
      md5: 3d4dff525752dca6e1913543b7ca37eb
      size: 42
  debit_automate:
    cmd: python cron/scripts/maj-automate.py
    deps:
    - path: centrales/REFERENCE/automate_physics.yaml
      hash: md5
      md5: 7f567fd21efe52a16f71f611b483c845
      size: 2924
    - path: centrales/REFERENCE/automate_sync.yaml
      hash: md5
      md5: 94971ac41d5ea47ef5a14b63ccd7414e
      size: 1466
    - path: centrales/REFERENCE/config-general.json
      hash: md5
      md5: a40f69b0db658b1ff4ceb05a0f2b8b52
      size: 18951
    - path: src/previ_r2d2/preprocessing/automate/
      hash: md5
      md5: fe47c43d1af836867a3a610ea8bc0f31.dir
      size: 45790
      nfiles: 13
